
Microsoft Visual Studio Solution File, Format Version 12.00
# Visual Studio Version 17
VisualStudioVersion = 17.8.34330.188
MinimumVisualStudioVersion = 10.0.40219.1
Project("{FAE04EC0-301F-11D3-BF4B-00C04F79EFBC}") = "Client", "Client\Client.csproj", "{35ED4E82-BF4E-4A2F-AA98-29ED9885FAC1}"
EndProject
Global
	GlobalSection(SolutionConfigurationPlatforms) = preSolution
		Debug|Any CPU = Debug|Any CPU
		Release|Any CPU = Release|Any CPU
	EndGlobalSection
	GlobalSection(ProjectConfigurationPlatforms) = postSolution
		{35ED4E82-BF4E-4A2F-AA98-29ED9885FAC1}.Debug|Any CPU.ActiveCfg = Debug|Any CPU
		{35ED4E82-BF4E-4A2F-AA98-29ED9885FAC1}.Debug|Any CPU.Build.0 = Debug|Any CPU
		{35ED4E82-BF4E-4A2F-AA98-29ED9885FAC1}.Release|Any CPU.ActiveCfg = Release|Any CPU
		{35ED4E82-BF4E-4A2F-AA98-29ED9885FAC1}.Release|Any CPU.Build.0 = Release|Any CPU
	EndGlobalSection
	GlobalSection(SolutionProperties) = preSolution
		HideSolutionNode = FALSE
	EndGlobalSection
	GlobalSection(ExtensibilityGlobals) = postSolution
		SolutionGuid = {64BBA25E-FC46-47F0-9AB0-DC8057462B11}
	EndGlobalSection
EndGlobal
